
Microsoft Visual Studio Solution File, Format Version 12.00
# Visual Studio 14
VisualStudioVersion = 14.0.23107.0
MinimumVisualStudioVersion = 10.0.40219.1
Project("{FAE04EC0-301F-11D3-BF4B-00C04F79EFBC}") = "CodeCampPatterns.ConsoleApp", "src\CodeCampPatterns.ConsoleApp\CodeCampPatterns.ConsoleApp.csproj", "{45ACFD06-9F6B-4217-AB89-97DD68229DFA}"
EndProject
Project("{FAE04EC0-301F-11D3-BF4B-00C04F79EFBC}") = "CodeCampPatterns.Patterns", "src\CodeCampPatterns.Patterns\CodeCampPatterns.Patterns.csproj", "{E91658A5-931A-4395-8E3A-74C9DE6999EE}"
EndProject
Global
	GlobalSection(SolutionConfigurationPlatforms) = preSolution
		Debug|Any CPU = Debug|Any CPU
		Release|Any CPU = Release|Any CPU
	EndGlobalSection
	GlobalSection(ProjectConfigurationPlatforms) = postSolution
		{45ACFD06-9F6B-4217-AB89-97DD68229DFA}.Debug|Any CPU.ActiveCfg = Debug|Any CPU
		{45ACFD06-9F6B-4217-AB89-97DD68229DFA}.Debug|Any CPU.Build.0 = Debug|Any CPU
		{45ACFD06-9F6B-4217-AB89-97DD68229DFA}.Release|Any CPU.ActiveCfg = Release|Any CPU
		{45ACFD06-9F6B-4217-AB89-97DD68229DFA}.Release|Any CPU.Build.0 = Release|Any CPU
		{E91658A5-931A-4395-8E3A-74C9DE6999EE}.Debug|Any CPU.ActiveCfg = Debug|Any CPU
		{E91658A5-931A-4395-8E3A-74C9DE6999EE}.Debug|Any CPU.Build.0 = Debug|Any CPU
		{E91658A5-931A-4395-8E3A-74C9DE6999EE}.Release|Any CPU.ActiveCfg = Release|Any CPU
		{E91658A5-931A-4395-8E3A-74C9DE6999EE}.Release|Any CPU.Build.0 = Release|Any CPU
	EndGlobalSection
	GlobalSection(SolutionProperties) = preSolution
		HideSolutionNode = FALSE
	EndGlobalSection
EndGlobal
